// !$*UTF8*$!
{
	archiveVersion = 1;
	classes = {
	};
	objectVersion = 46;
	objects = {

/* Begin PBXBuildFile section */
		4E1963BA193D238600E3F9F3 /* Alert.m in Sources */ = {isa = PBXBuildFile; fileRef = 4E1963AE193D238600E3F9F3 /* Alert.m */; };
		4E1963BB193D238600E3F9F3 /* DiabetesDataPuller.m in Sources */ = {isa = PBXBuildFile; fileRef = 4E1963B1193D238600E3F9F3 /* DiabetesDataPuller.m */; };
		4E1963BC193D238600E3F9F3 /* GlucoseLevel.m in Sources */ = {isa = PBXBuildFile; fileRef = 4E1963B3193D238600E3F9F3 /* GlucoseLevel.m */; };
		A3B01586193D15E800F2A1AB /* HistoryViewController.m in Sources */ = {isa = PBXBuildFile; fileRef = A3B01585193D15E800F2A1AB /* HistoryViewController.m */; };
		B0623E47193BDE9E00E69D92 /* QuartzCore.framework in Frameworks */ = {isa = PBXBuildFile; fileRef = B0623E46193BDE9E00E69D92 /* QuartzCore.framework */; };
		B0781273193CDE800096D448 /* libCorePlot-CocoaTouch.a in Frameworks */ = {isa = PBXBuildFile; fileRef = B0781272193CDE800096D448 /* libCorePlot-CocoaTouch.a */; };
		B0CF15B7193E1C6F0089F9B9 /* Lowerlimit.png in Resources */ = {isa = PBXBuildFile; fileRef = B0CF15B5193E1C6F0089F9B9 /* Lowerlimit.png */; };
		B0CF15B8193E1C6F0089F9B9 /* Upperlimit.png in Resources */ = {isa = PBXBuildFile; fileRef = B0CF15B6193E1C6F0089F9B9 /* Upperlimit.png */; };
		B0CF15BB193E1F860089F9B9 /* GlucosePrediction.m in Sources */ = {isa = PBXBuildFile; fileRef = B0CF15BA193E1F860089F9B9 /* GlucosePrediction.m */; };
		B0F8CA0A193BCCAE003B6189 /* Foundation.framework in Frameworks */ = {isa = PBXBuildFile; fileRef = B0F8CA09193BCCAE003B6189 /* Foundation.framework */; };
		B0F8CA0C193BCCAE003B6189 /* CoreGraphics.framework in Frameworks */ = {isa = PBXBuildFile; fileRef = B0F8CA0B193BCCAE003B6189 /* CoreGraphics.framework */; };
		B0F8CA0E193BCCAE003B6189 /* UIKit.framework in Frameworks */ = {isa = PBXBuildFile; fileRef = B0F8CA0D193BCCAE003B6189 /* UIKit.framework */; };
		B0F8CA14193BCCAE003B6189 /* InfoPlist.strings in Resources */ = {isa = PBXBuildFile; fileRef = B0F8CA12193BCCAE003B6189 /* InfoPlist.strings */; };
		B0F8CA16193BCCAE003B6189 /* main.m in Sources */ = {isa = PBXBuildFile; fileRef = B0F8CA15193BCCAE003B6189 /* main.m */; };
		B0F8CA1A193BCCAE003B6189 /* DBMAppDelegate.m in Sources */ = {isa = PBXBuildFile; fileRef = B0F8CA19193BCCAE003B6189 /* DBMAppDelegate.m */; };
		B0F8CA1D193BCCAF003B6189 /* Main.storyboard in Resources */ = {isa = PBXBuildFile; fileRef = B0F8CA1B193BCCAF003B6189 /* Main.storyboard */; };
		B0F8CA20193BCCAF003B6189 /* DBMGraphViewController.m in Sources */ = {isa = PBXBuildFile; fileRef = B0F8CA1F193BCCAF003B6189 /* DBMGraphViewController.m */; };
		B0F8CA22193BCCAF003B6189 /* Images.xcassets in Resources */ = {isa = PBXBuildFile; fileRef = B0F8CA21193BCCAF003B6189 /* Images.xcassets */; };
		B0F8CA29193BCCAF003B6189 /* XCTest.framework in Frameworks */ = {isa = PBXBuildFile; fileRef = B0F8CA28193BCCAF003B6189 /* XCTest.framework */; };
		B0F8CA2A193BCCAF003B6189 /* Foundation.framework in Frameworks */ = {isa = PBXBuildFile; fileRef = B0F8CA09193BCCAE003B6189 /* Foundation.framework */; };
		B0F8CA2B193BCCAF003B6189 /* UIKit.framework in Frameworks */ = {isa = PBXBuildFile; fileRef = B0F8CA0D193BCCAE003B6189 /* UIKit.framework */; };
		B0F8CA33193BCCAF003B6189 /* InfoPlist.strings in Resources */ = {isa = PBXBuildFile; fileRef = B0F8CA31193BCCAF003B6189 /* InfoPlist.strings */; };
		B0F8CA35193BCCAF003B6189 /* DBMonitorTests.m in Sources */ = {isa = PBXBuildFile; fileRef = B0F8CA34193BCCAF003B6189 /* DBMonitorTests.m */; };
/* End PBXBuildFile section */

/* Begin PBXContainerItemProxy section */
		B0F8CA2C193BCCAF003B6189 /* PBXContainerItemProxy */ = {
			isa = PBXContainerItemProxy;
			containerPortal = B0F8C9FE193BCCAE003B6189 /* Project object */;
			proxyType = 1;
			remoteGlobalIDString = B0F8CA05193BCCAE003B6189;
			remoteInfo = DBMonitor;
		};
/* End PBXContainerItemProxy section */

/* Begin PBXFileReference section */
		4E1963AD193D238600E3F9F3 /* Alert.h */ = {isa = PBXFileReference; fileEncoding = 4; lastKnownFileType = sourcecode.c.h; path = Alert.h; sourceTree = "<group>"; };
		4E1963AE193D238600E3F9F3 /* Alert.m */ = {isa = PBXFileReference; fileEncoding = 4; lastKnownFileType = sourcecode.c.objc; path = Alert.m; sourceTree = "<group>"; };
		4E1963AF193D238600E3F9F3 /* DiabetesDataPuller-Prefix.pch */ = {isa = PBXFileReference; fileEncoding = 4; lastKnownFileType = sourcecode.c.h; path = "DiabetesDataPuller-Prefix.pch"; sourceTree = "<group>"; };
		4E1963B0193D238600E3F9F3 /* DiabetesDataPuller.h */ = {isa = PBXFileReference; fileEncoding = 4; lastKnownFileType = sourcecode.c.h; path = DiabetesDataPuller.h; sourceTree = "<group>"; };
		4E1963B1193D238600E3F9F3 /* DiabetesDataPuller.m */ = {isa = PBXFileReference; fileEncoding = 4; lastKnownFileType = sourcecode.c.objc; path = DiabetesDataPuller.m; sourceTree = "<group>"; };
		4E1963B2193D238600E3F9F3 /* GlucoseLevel.h */ = {isa = PBXFileReference; fileEncoding = 4; lastKnownFileType = sourcecode.c.h; path = GlucoseLevel.h; sourceTree = "<group>"; };
		4E1963B3193D238600E3F9F3 /* GlucoseLevel.m */ = {isa = PBXFileReference; fileEncoding = 4; lastKnownFileType = sourcecode.c.objc; path = GlucoseLevel.m; sourceTree = "<group>"; };
		A3B01584193D15E800F2A1AB /* HistoryViewController.h */ = {isa = PBXFileReference; fileEncoding = 4; lastKnownFileType = sourcecode.c.h; path = HistoryViewController.h; sourceTree = "<group>"; };
		A3B01585193D15E800F2A1AB /* HistoryViewController.m */ = {isa = PBXFileReference; fileEncoding = 4; lastKnownFileType = sourcecode.c.objc; path = HistoryViewController.m; sourceTree = "<group>"; };
		B0623E46193BDE9E00E69D92 /* QuartzCore.framework */ = {isa = PBXFileReference; lastKnownFileType = wrapper.framework; name = QuartzCore.framework; path = System/Library/Frameworks/QuartzCore.framework; sourceTree = SDKROOT; };
		B0781272193CDE800096D448 /* libCorePlot-CocoaTouch.a */ = {isa = PBXFileReference; lastKnownFileType = archive.ar; path = "libCorePlot-CocoaTouch.a"; sourceTree = "<group>"; };
		B0781275193CDEDA0096D448 /* CorePlot-CocoaTouch.h */ = {isa = PBXFileReference; fileEncoding = 4; lastKnownFileType = sourcecode.c.h; path = "CorePlot-CocoaTouch.h"; sourceTree = "<group>"; };
		B0781276193CDEDA0096D448 /* CPTAnimation.h */ = {isa = PBXFileReference; fileEncoding = 4; lastKnownFileType = sourcecode.c.h; path = CPTAnimation.h; sourceTree = "<group>"; };
		B0781277193CDEDA0096D448 /* CPTAnimationOperation.h */ = {isa = PBXFileReference; fileEncoding = 4; lastKnownFileType = sourcecode.c.h; path = CPTAnimationOperation.h; sourceTree = "<group>"; };
		B0781278193CDEDA0096D448 /* CPTAnimationPeriod.h */ = {isa = PBXFileReference; fileEncoding = 4; lastKnownFileType = sourcecode.c.h; path = CPTAnimationPeriod.h; sourceTree = "<group>"; };
		B0781279193CDEDA0096D448 /* CPTAnnotation.h */ = {isa = PBXFileReference; fileEncoding = 4; lastKnownFileType = sourcecode.c.h; path = CPTAnnotation.h; sourceTree = "<group>"; };
		B078127A193CDEDA0096D448 /* CPTAnnotationHostLayer.h */ = {isa = PBXFileReference; fileEncoding = 4; lastKnownFileType = sourcecode.c.h; path = CPTAnnotationHostLayer.h; sourceTree = "<group>"; };
		B078127B193CDEDA0096D448 /* CPTAxis.h */ = {isa = PBXFileReference; fileEncoding = 4; lastKnownFileType = sourcecode.c.h; path = CPTAxis.h; sourceTree = "<group>"; };
		B078127C193CDEDA0096D448 /* CPTAxisLabel.h */ = {isa = PBXFileReference; fileEncoding = 4; lastKnownFileType = sourcecode.c.h; path = CPTAxisLabel.h; sourceTree = "<group>"; };
		B078127D193CDEDA0096D448 /* CPTAxisLabelGroup.h */ = {isa = PBXFileReference; fileEncoding = 4; lastKnownFileType = sourcecode.c.h; path = CPTAxisLabelGroup.h; sourceTree = "<group>"; };
		B078127E193CDEDA0096D448 /* CPTAxisSet.h */ = {isa = PBXFileReference; fileEncoding = 4; lastKnownFileType = sourcecode.c.h; path = CPTAxisSet.h; sourceTree = "<group>"; };
		B078127F193CDEDA0096D448 /* CPTAxisTitle.h */ = {isa = PBXFileReference; fileEncoding = 4; lastKnownFileType = sourcecode.c.h; path = CPTAxisTitle.h; sourceTree = "<group>"; };
		B0781280193CDEDA0096D448 /* CPTBarPlot.h */ = {isa = PBXFileReference; fileEncoding = 4; lastKnownFileType = sourcecode.c.h; path = CPTBarPlot.h; sourceTree = "<group>"; };
		B0781281193CDEDA0096D448 /* CPTBorderedLayer.h */ = {isa = PBXFileReference; fileEncoding = 4; lastKnownFileType = sourcecode.c.h; path = CPTBorderedLayer.h; sourceTree = "<group>"; };
		B0781282193CDEDA0096D448 /* CPTCalendarFormatter.h */ = {isa = PBXFileReference; fileEncoding = 4; lastKnownFileType = sourcecode.c.h; path = CPTCalendarFormatter.h; sourceTree = "<group>"; };
		B0781283193CDEDA0096D448 /* CPTColor.h */ = {isa = PBXFileReference; fileEncoding = 4; lastKnownFileType = sourcecode.c.h; path = CPTColor.h; sourceTree = "<group>"; };
		B0781284193CDEDA0096D448 /* CPTColorSpace.h */ = {isa = PBXFileReference; fileEncoding = 4; lastKnownFileType = sourcecode.c.h; path = CPTColorSpace.h; sourceTree = "<group>"; };
		B0781285193CDEDA0096D448 /* CPTConstraints.h */ = {isa = PBXFileReference; fileEncoding = 4; lastKnownFileType = sourcecode.c.h; path = CPTConstraints.h; sourceTree = "<group>"; };
		B0781286193CDEDA0096D448 /* CPTDataSourceTestCase.h */ = {isa = PBXFileReference; fileEncoding = 4; lastKnownFileType = sourcecode.c.h; path = CPTDataSourceTestCase.h; sourceTree = "<group>"; };
		B0781287193CDEDA0096D448 /* CPTDefinitions.h */ = {isa = PBXFileReference; fileEncoding = 4; lastKnownFileType = sourcecode.c.h; path = CPTDefinitions.h; sourceTree = "<group>"; };
		B0781288193CDEDA0096D448 /* CPTDerivedXYGraph.h */ = {isa = PBXFileReference; fileEncoding = 4; lastKnownFileType = sourcecode.c.h; path = CPTDerivedXYGraph.h; sourceTree = "<group>"; };
		B0781289193CDEDA0096D448 /* CPTExceptions.h */ = {isa = PBXFileReference; fileEncoding = 4; lastKnownFileType = sourcecode.c.h; path = CPTExceptions.h; sourceTree = "<group>"; };
		B078128A193CDEDA0096D448 /* CPTFill.h */ = {isa = PBXFileReference; fileEncoding = 4; lastKnownFileType = sourcecode.c.h; path = CPTFill.h; sourceTree = "<group>"; };
		B078128B193CDEDA0096D448 /* CPTFunctionDataSource.h */ = {isa = PBXFileReference; fileEncoding = 4; lastKnownFileType = sourcecode.c.h; path = CPTFunctionDataSource.h; sourceTree = "<group>"; };
		B078128C193CDEDA0096D448 /* CPTGradient.h */ = {isa = PBXFileReference; fileEncoding = 4; lastKnownFileType = sourcecode.c.h; path = CPTGradient.h; sourceTree = "<group>"; };
		B078128D193CDEDA0096D448 /* CPTGraph.h */ = {isa = PBXFileReference; fileEncoding = 4; lastKnownFileType = sourcecode.c.h; path = CPTGraph.h; sourceTree = "<group>"; };
		B078128E193CDEDA0096D448 /* CPTGraphHostingView.h */ = {isa = PBXFileReference; fileEncoding = 4; lastKnownFileType = sourcecode.c.h; path = CPTGraphHostingView.h; sourceTree = "<group>"; };
		B078128F193CDEDA0096D448 /* CPTGridLineGroup.h */ = {isa = PBXFileReference; fileEncoding = 4; lastKnownFileType = sourcecode.c.h; path = CPTGridLineGroup.h; sourceTree = "<group>"; };
		B0781290193CDEDA0096D448 /* CPTGridLines.h */ = {isa = PBXFileReference; fileEncoding = 4; lastKnownFileType = sourcecode.c.h; path = CPTGridLines.h; sourceTree = "<group>"; };
		B0781291193CDEDA0096D448 /* CPTImage.h */ = {isa = PBXFileReference; fileEncoding = 4; lastKnownFileType = sourcecode.c.h; path = CPTImage.h; sourceTree = "<group>"; };
		B0781292193CDEDA0096D448 /* CPTLayer.h */ = {isa = PBXFileReference; fileEncoding = 4; lastKnownFileType = sourcecode.c.h; path = CPTLayer.h; sourceTree = "<group>"; };
		B0781293193CDEDA0096D448 /* CPTLayerAnnotation.h */ = {isa = PBXFileReference; fileEncoding = 4; lastKnownFileType = sourcecode.c.h; path = CPTLayerAnnotation.h; sourceTree = "<group>"; };
		B0781294193CDEDA0096D448 /* CPTLegend.h */ = {isa = PBXFileReference; fileEncoding = 4; lastKnownFileType = sourcecode.c.h; path = CPTLegend.h; sourceTree = "<group>"; };
		B0781295193CDEDA0096D448 /* CPTLegendEntry.h */ = {isa = PBXFileReference; fileEncoding = 4; lastKnownFileType = sourcecode.c.h; path = CPTLegendEntry.h; sourceTree = "<group>"; };
		B0781296193CDEDA0096D448 /* CPTLimitBand.h */ = {isa = PBXFileReference; fileEncoding = 4; lastKnownFileType = sourcecode.c.h; path = CPTLimitBand.h; sourceTree = "<group>"; };
		B0781297193CDEDA0096D448 /* CPTLineCap.h */ = {isa = PBXFileReference; fileEncoding = 4; lastKnownFileType = sourcecode.c.h; path = CPTLineCap.h; sourceTree = "<group>"; };
		B0781298193CDEDA0096D448 /* CPTLineStyle.h */ = {isa = PBXFileReference; fileEncoding = 4; lastKnownFileType = sourcecode.c.h; path = CPTLineStyle.h; sourceTree = "<group>"; };
		B0781299193CDEDA0096D448 /* CPTMutableLineStyle.h */ = {isa = PBXFileReference; fileEncoding = 4; lastKnownFileType = sourcecode.c.h; path = CPTMutableLineStyle.h; sourceTree = "<group>"; };
		B078129A193CDEDA0096D448 /* CPTMutableNumericData+TypeConversion.h */ = {isa = PBXFileReference; fileEncoding = 4; lastKnownFileType = sourcecode.c.h; path = "CPTMutableNumericData+TypeConversion.h"; sourceTree = "<group>"; };
		B078129B193CDEDA0096D448 /* CPTMutableNumericData.h */ = {isa = PBXFileReference; fileEncoding = 4; lastKnownFileType = sourcecode.c.h; path = CPTMutableNumericData.h; sourceTree = "<group>"; };
		B078129C193CDEDA0096D448 /* CPTMutablePlotRange.h */ = {isa = PBXFileReference; fileEncoding = 4; lastKnownFileType = sourcecode.c.h; path = CPTMutablePlotRange.h; sourceTree = "<group>"; };
		B078129D193CDEDA0096D448 /* CPTMutableShadow.h */ = {isa = PBXFileReference; fileEncoding = 4; lastKnownFileType = sourcecode.c.h; path = CPTMutableShadow.h; sourceTree = "<group>"; };
		B078129E193CDEDA0096D448 /* CPTMutableTextStyle.h */ = {isa = PBXFileReference; fileEncoding = 4; lastKnownFileType = sourcecode.c.h; path = CPTMutableTextStyle.h; sourceTree = "<group>"; };
		B078129F193CDEDA0096D448 /* CPTNumericData+TypeConversion.h */ = {isa = PBXFileReference; fileEncoding = 4; lastKnownFileType = sourcecode.c.h; path = "CPTNumericData+TypeConversion.h"; sourceTree = "<group>"; };
		B07812A0193CDEDA0096D448 /* CPTNumericData.h */ = {isa = PBXFileReference; fileEncoding = 4; lastKnownFileType = sourcecode.c.h; path = CPTNumericData.h; sourceTree = "<group>"; };
		B07812A1193CDEDA0096D448 /* CPTNumericDataType.h */ = {isa = PBXFileReference; fileEncoding = 4; lastKnownFileType = sourcecode.c.h; path = CPTNumericDataType.h; sourceTree = "<group>"; };
		B07812A2193CDEDA0096D448 /* CPTPathExtensions.h */ = {isa = PBXFileReference; fileEncoding = 4; lastKnownFileType = sourcecode.c.h; path = CPTPathExtensions.h; sourceTree = "<group>"; };
		B07812A3193CDEDA0096D448 /* CPTPieChart.h */ = {isa = PBXFileReference; fileEncoding = 4; lastKnownFileType = sourcecode.c.h; path = CPTPieChart.h; sourceTree = "<group>"; };
		B07812A4193CDEDA0096D448 /* CPTPlatformSpecificCategories.h */ = {isa = PBXFileReference; fileEncoding = 4; lastKnownFileType = sourcecode.c.h; path = CPTPlatformSpecificCategories.h; sourceTree = "<group>"; };
		B07812A5193CDEDA0096D448 /* CPTPlatformSpecificDefines.h */ = {isa = PBXFileReference; fileEncoding = 4; lastKnownFileType = sourcecode.c.h; path = CPTPlatformSpecificDefines.h; sourceTree = "<group>"; };
		B07812A6193CDEDA0096D448 /* CPTPlatformSpecificFunctions.h */ = {isa = PBXFileReference; fileEncoding = 4; lastKnownFileType = sourcecode.c.h; path = CPTPlatformSpecificFunctions.h; sourceTree = "<group>"; };
		B07812A7193CDEDA0096D448 /* CPTPlot.h */ = {isa = PBXFileReference; fileEncoding = 4; lastKnownFileType = sourcecode.c.h; path = CPTPlot.h; sourceTree = "<group>"; };
		B07812A8193CDEDA0096D448 /* CPTPlotArea.h */ = {isa = PBXFileReference; fileEncoding = 4; lastKnownFileType = sourcecode.c.h; path = CPTPlotArea.h; sourceTree = "<group>"; };
		B07812A9193CDEDA0096D448 /* CPTPlotAreaFrame.h */ = {isa = PBXFileReference; fileEncoding = 4; lastKnownFileType = sourcecode.c.h; path = CPTPlotAreaFrame.h; sourceTree = "<group>"; };
		B07812AA193CDEDA0096D448 /* CPTPlotGroup.h */ = {isa = PBXFileReference; fileEncoding = 4; lastKnownFileType = sourcecode.c.h; path = CPTPlotGroup.h; sourceTree = "<group>"; };
		B07812AB193CDEDA0096D448 /* CPTPlotRange.h */ = {isa = PBXFileReference; fileEncoding = 4; lastKnownFileType = sourcecode.c.h; path = CPTPlotRange.h; sourceTree = "<group>"; };
		B07812AC193CDEDA0096D448 /* CPTPlotSpace.h */ = {isa = PBXFileReference; fileEncoding = 4; lastKnownFileType = sourcecode.c.h; path = CPTPlotSpace.h; sourceTree = "<group>"; };
		B07812AD193CDEDA0096D448 /* CPTPlotSpaceAnnotation.h */ = {isa = PBXFileReference; fileEncoding = 4; lastKnownFileType = sourcecode.c.h; path = CPTPlotSpaceAnnotation.h; sourceTree = "<group>"; };
		B07812AE193CDEDA0096D448 /* CPTPlotSymbol.h */ = {isa = PBXFileReference; fileEncoding = 4; lastKnownFileType = sourcecode.c.h; path = CPTPlotSymbol.h; sourceTree = "<group>"; };
		B07812AF193CDEDA0096D448 /* CPTRangePlot.h */ = {isa = PBXFileReference; fileEncoding = 4; lastKnownFileType = sourcecode.c.h; path = CPTRangePlot.h; sourceTree = "<group>"; };
		B07812B0193CDEDA0096D448 /* CPTResponder.h */ = {isa = PBXFileReference; fileEncoding = 4; lastKnownFileType = sourcecode.c.h; path = CPTResponder.h; sourceTree = "<group>"; };
		B07812B1193CDEDA0096D448 /* CPTScatterPlot.h */ = {isa = PBXFileReference; fileEncoding = 4; lastKnownFileType = sourcecode.c.h; path = CPTScatterPlot.h; sourceTree = "<group>"; };
		B07812B2193CDEDA0096D448 /* CPTShadow.h */ = {isa = PBXFileReference; fileEncoding = 4; lastKnownFileType = sourcecode.c.h; path = CPTShadow.h; sourceTree = "<group>"; };
		B07812B3193CDEDA0096D448 /* CPTTestCase.h */ = {isa = PBXFileReference; fileEncoding = 4; lastKnownFileType = sourcecode.c.h; path = CPTTestCase.h; sourceTree = "<group>"; };
		B07812B4193CDEDA0096D448 /* CPTTextLayer.h */ = {isa = PBXFileReference; fileEncoding = 4; lastKnownFileType = sourcecode.c.h; path = CPTTextLayer.h; sourceTree = "<group>"; };
		B07812B5193CDEDA0096D448 /* CPTTextStyle.h */ = {isa = PBXFileReference; fileEncoding = 4; lastKnownFileType = sourcecode.c.h; path = CPTTextStyle.h; sourceTree = "<group>"; };
		B07812B6193CDEDA0096D448 /* CPTTextStylePlatformSpecific.h */ = {isa = PBXFileReference; fileEncoding = 4; lastKnownFileType = sourcecode.c.h; path = CPTTextStylePlatformSpecific.h; sourceTree = "<group>"; };
		B07812B7193CDEDA0096D448 /* CPTTheme.h */ = {isa = PBXFileReference; fileEncoding = 4; lastKnownFileType = sourcecode.c.h; path = CPTTheme.h; sourceTree = "<group>"; };
		B07812B8193CDEDA0096D448 /* CPTTimeFormatter.h */ = {isa = PBXFileReference; fileEncoding = 4; lastKnownFileType = sourcecode.c.h; path = CPTTimeFormatter.h; sourceTree = "<group>"; };
		B07812B9193CDEDA0096D448 /* CPTTradingRangePlot.h */ = {isa = PBXFileReference; fileEncoding = 4; lastKnownFileType = sourcecode.c.h; path = CPTTradingRangePlot.h; sourceTree = "<group>"; };
		B07812BA193CDEDA0096D448 /* CPTUtilities.h */ = {isa = PBXFileReference; fileEncoding = 4; lastKnownFileType = sourcecode.c.h; path = CPTUtilities.h; sourceTree = "<group>"; };
		B07812BB193CDEDA0096D448 /* CPTXYAxis.h */ = {isa = PBXFileReference; fileEncoding = 4; lastKnownFileType = sourcecode.c.h; path = CPTXYAxis.h; sourceTree = "<group>"; };
		B07812BC193CDEDA0096D448 /* CPTXYAxisSet.h */ = {isa = PBXFileReference; fileEncoding = 4; lastKnownFileType = sourcecode.c.h; path = CPTXYAxisSet.h; sourceTree = "<group>"; };
		B07812BD193CDEDA0096D448 /* CPTXYGraph.h */ = {isa = PBXFileReference; fileEncoding = 4; lastKnownFileType = sourcecode.c.h; path = CPTXYGraph.h; sourceTree = "<group>"; };
		B07812BE193CDEDA0096D448 /* CPTXYPlotSpace.h */ = {isa = PBXFileReference; fileEncoding = 4; lastKnownFileType = sourcecode.c.h; path = CPTXYPlotSpace.h; sourceTree = "<group>"; };
		B07812BF193CDEDA0096D448 /* mainpage.h */ = {isa = PBXFileReference; fileEncoding = 4; lastKnownFileType = sourcecode.c.h; path = mainpage.h; sourceTree = "<group>"; };
		B07812C0193CDEDA0096D448 /* NSCoderExtensions.h */ = {isa = PBXFileReference; fileEncoding = 4; lastKnownFileType = sourcecode.c.h; path = NSCoderExtensions.h; sourceTree = "<group>"; };
		B07812C1193CDEDA0096D448 /* NSDecimalNumberExtensions.h */ = {isa = PBXFileReference; fileEncoding = 4; lastKnownFileType = sourcecode.c.h; path = NSDecimalNumberExtensions.h; sourceTree = "<group>"; };
		B07812C2193CDEDA0096D448 /* NSNumberExtensions.h */ = {isa = PBXFileReference; fileEncoding = 4; lastKnownFileType = sourcecode.c.h; path = NSNumberExtensions.h; sourceTree = "<group>"; };
		B0CF15B5193E1C6F0089F9B9 /* Lowerlimit.png */ = {isa = PBXFileReference; lastKnownFileType = image.png; path = Lowerlimit.png; sourceTree = "<group>"; };
		B0CF15B6193E1C6F0089F9B9 /* Upperlimit.png */ = {isa = PBXFileReference; lastKnownFileType = image.png; path = Upperlimit.png; sourceTree = "<group>"; };
		B0CF15B9193E1F860089F9B9 /* GlucosePrediction.h */ = {isa = PBXFileReference; fileEncoding = 4; lastKnownFileType = sourcecode.c.h; path = GlucosePrediction.h; sourceTree = "<group>"; };
		B0CF15BA193E1F860089F9B9 /* GlucosePrediction.m */ = {isa = PBXFileReference; fileEncoding = 4; lastKnownFileType = sourcecode.c.objc; path = GlucosePrediction.m; sourceTree = "<group>"; };
		B0F8CA06193BCCAE003B6189 /* DBMonitor.app */ = {isa = PBXFileReference; explicitFileType = wrapper.application; includeInIndex = 0; path = DBMonitor.app; sourceTree = BUILT_PRODUCTS_DIR; };
		B0F8CA09193BCCAE003B6189 /* Foundation.framework */ = {isa = PBXFileReference; lastKnownFileType = wrapper.framework; name = Foundation.framework; path = System/Library/Frameworks/Foundation.framework; sourceTree = SDKROOT; };
		B0F8CA0B193BCCAE003B6189 /* CoreGraphics.framework */ = {isa = PBXFileReference; lastKnownFileType = wrapper.framework; name = CoreGraphics.framework; path = System/Library/Frameworks/CoreGraphics.framework; sourceTree = SDKROOT; };
		B0F8CA0D193BCCAE003B6189 /* UIKit.framework */ = {isa = PBXFileReference; lastKnownFileType = wrapper.framework; name = UIKit.framework; path = System/Library/Frameworks/UIKit.framework; sourceTree = SDKROOT; };
		B0F8CA11193BCCAE003B6189 /* DBMonitor-Info.plist */ = {isa = PBXFileReference; lastKnownFileType = text.plist.xml; path = "DBMonitor-Info.plist"; sourceTree = "<group>"; };
		B0F8CA13193BCCAE003B6189 /* en */ = {isa = PBXFileReference; lastKnownFileType = text.plist.strings; name = en; path = en.lproj/InfoPlist.strings; sourceTree = "<group>"; };
		B0F8CA15193BCCAE003B6189 /* main.m */ = {isa = PBXFileReference; lastKnownFileType = sourcecode.c.objc; path = main.m; sourceTree = "<group>"; };
		B0F8CA17193BCCAE003B6189 /* DBMonitor-Prefix.pch */ = {isa = PBXFileReference; lastKnownFileType = sourcecode.c.h; path = "DBMonitor-Prefix.pch"; sourceTree = "<group>"; };
		B0F8CA18193BCCAE003B6189 /* DBMAppDelegate.h */ = {isa = PBXFileReference; lastKnownFileType = sourcecode.c.h; path = DBMAppDelegate.h; sourceTree = "<group>"; };
		B0F8CA19193BCCAE003B6189 /* DBMAppDelegate.m */ = {isa = PBXFileReference; lastKnownFileType = sourcecode.c.objc; path = DBMAppDelegate.m; sourceTree = "<group>"; };
		B0F8CA1C193BCCAF003B6189 /* Base */ = {isa = PBXFileReference; lastKnownFileType = file.storyboard; name = Base; path = Base.lproj/Main.storyboard; sourceTree = "<group>"; };
		B0F8CA1E193BCCAF003B6189 /* DBMGraphViewController.h */ = {isa = PBXFileReference; lastKnownFileType = sourcecode.c.h; path = DBMGraphViewController.h; sourceTree = "<group>"; };
		B0F8CA1F193BCCAF003B6189 /* DBMGraphViewController.m */ = {isa = PBXFileReference; lastKnownFileType = sourcecode.c.objc; path = DBMGraphViewController.m; sourceTree = "<group>"; };
		B0F8CA21193BCCAF003B6189 /* Images.xcassets */ = {isa = PBXFileReference; lastKnownFileType = folder.assetcatalog; path = Images.xcassets; sourceTree = "<group>"; };
		B0F8CA27193BCCAF003B6189 /* DBMonitorTests.xctest */ = {isa = PBXFileReference; explicitFileType = wrapper.cfbundle; includeInIndex = 0; path = DBMonitorTests.xctest; sourceTree = BUILT_PRODUCTS_DIR; };
		B0F8CA28193BCCAF003B6189 /* XCTest.framework */ = {isa = PBXFileReference; lastKnownFileType = wrapper.framework; name = XCTest.framework; path = Library/Frameworks/XCTest.framework; sourceTree = DEVELOPER_DIR; };
		B0F8CA30193BCCAF003B6189 /* DBMonitorTests-Info.plist */ = {isa = PBXFileReference; lastKnownFileType = text.plist.xml; path = "DBMonitorTests-Info.plist"; sourceTree = "<group>"; };
		B0F8CA32193BCCAF003B6189 /* en */ = {isa = PBXFileReference; lastKnownFileType = text.plist.strings; name = en; path = en.lproj/InfoPlist.strings; sourceTree = "<group>"; };
		B0F8CA34193BCCAF003B6189 /* DBMonitorTests.m */ = {isa = PBXFileReference; lastKnownFileType = sourcecode.c.objc; path = DBMonitorTests.m; sourceTree = "<group>"; };
/* End PBXFileReference section */

/* Begin PBXFrameworksBuildPhase section */
		B0F8CA03193BCCAE003B6189 /* Frameworks */ = {
			isa = PBXFrameworksBuildPhase;
			buildActionMask = 2147483647;
			files = (
				B0623E47193BDE9E00E69D92 /* QuartzCore.framework in Frameworks */,
				B0F8CA0C193BCCAE003B6189 /* CoreGraphics.framework in Frameworks */,
				B0F8CA0E193BCCAE003B6189 /* UIKit.framework in Frameworks */,
				B0F8CA0A193BCCAE003B6189 /* Foundation.framework in Frameworks */,
				B0781273193CDE800096D448 /* libCorePlot-CocoaTouch.a in Frameworks */,
			);
			runOnlyForDeploymentPostprocessing = 0;
		};
		B0F8CA24193BCCAF003B6189 /* Frameworks */ = {
			isa = PBXFrameworksBuildPhase;
			buildActionMask = 2147483647;
			files = (
				B0F8CA29193BCCAF003B6189 /* XCTest.framework in Frameworks */,
				B0F8CA2B193BCCAF003B6189 /* UIKit.framework in Frameworks */,
				B0F8CA2A193BCCAF003B6189 /* Foundation.framework in Frameworks */,
			);
			runOnlyForDeploymentPostprocessing = 0;
		};
/* End PBXFrameworksBuildPhase section */

/* Begin PBXGroup section */
		4E1963AC193D238600E3F9F3 /* DiabetesDataPuller */ = {
			isa = PBXGroup;
			children = (
				4E1963AD193D238600E3F9F3 /* Alert.h */,
				4E1963AE193D238600E3F9F3 /* Alert.m */,
				4E1963AF193D238600E3F9F3 /* DiabetesDataPuller-Prefix.pch */,
				4E1963B0193D238600E3F9F3 /* DiabetesDataPuller.h */,
				4E1963B1193D238600E3F9F3 /* DiabetesDataPuller.m */,
				4E1963B2193D238600E3F9F3 /* GlucoseLevel.h */,
				4E1963B3193D238600E3F9F3 /* GlucoseLevel.m */,
				B0CF15B9193E1F860089F9B9 /* GlucosePrediction.h */,
				B0CF15BA193E1F860089F9B9 /* GlucosePrediction.m */,
			);
			path = DiabetesDataPuller;
			sourceTree = "<group>";
		};
		B0781274193CDEDA0096D448 /* CorePlotHeaders */ = {
			isa = PBXGroup;
			children = (
				B0781275193CDEDA0096D448 /* CorePlot-CocoaTouch.h */,
				B0781276193CDEDA0096D448 /* CPTAnimation.h */,
				B0781277193CDEDA0096D448 /* CPTAnimationOperation.h */,
				B0781278193CDEDA0096D448 /* CPTAnimationPeriod.h */,
				B0781279193CDEDA0096D448 /* CPTAnnotation.h */,
				B078127A193CDEDA0096D448 /* CPTAnnotationHostLayer.h */,
				B078127B193CDEDA0096D448 /* CPTAxis.h */,
				B078127C193CDEDA0096D448 /* CPTAxisLabel.h */,
				B078127D193CDEDA0096D448 /* CPTAxisLabelGroup.h */,
				B078127E193CDEDA0096D448 /* CPTAxisSet.h */,
				B078127F193CDEDA0096D448 /* CPTAxisTitle.h */,
				B0781280193CDEDA0096D448 /* CPTBarPlot.h */,
				B0781281193CDEDA0096D448 /* CPTBorderedLayer.h */,
				B0781282193CDEDA0096D448 /* CPTCalendarFormatter.h */,
				B0781283193CDEDA0096D448 /* CPTColor.h */,
				B0781284193CDEDA0096D448 /* CPTColorSpace.h */,
				B0781285193CDEDA0096D448 /* CPTConstraints.h */,
				B0781286193CDEDA0096D448 /* CPTDataSourceTestCase.h */,
				B0781287193CDEDA0096D448 /* CPTDefinitions.h */,
				B0781288193CDEDA0096D448 /* CPTDerivedXYGraph.h */,
				B0781289193CDEDA0096D448 /* CPTExceptions.h */,
				B078128A193CDEDA0096D448 /* CPTFill.h */,
				B078128B193CDEDA0096D448 /* CPTFunctionDataSource.h */,
				B078128C193CDEDA0096D448 /* CPTGradient.h */,
				B078128D193CDEDA0096D448 /* CPTGraph.h */,
				B078128E193CDEDA0096D448 /* CPTGraphHostingView.h */,
				B078128F193CDEDA0096D448 /* CPTGridLineGroup.h */,
				B0781290193CDEDA0096D448 /* CPTGridLines.h */,
				B0781291193CDEDA0096D448 /* CPTImage.h */,
				B0781292193CDEDA0096D448 /* CPTLayer.h */,
				B0781293193CDEDA0096D448 /* CPTLayerAnnotation.h */,
				B0781294193CDEDA0096D448 /* CPTLegend.h */,
				B0781295193CDEDA0096D448 /* CPTLegendEntry.h */,
				B0781296193CDEDA0096D448 /* CPTLimitBand.h */,
				B0781297193CDEDA0096D448 /* CPTLineCap.h */,
				B0781298193CDEDA0096D448 /* CPTLineStyle.h */,
				B0781299193CDEDA0096D448 /* CPTMutableLineStyle.h */,
				B078129A193CDEDA0096D448 /* CPTMutableNumericData+TypeConversion.h */,
				B078129B193CDEDA0096D448 /* CPTMutableNumericData.h */,
				B078129C193CDEDA0096D448 /* CPTMutablePlotRange.h */,
				B078129D193CDEDA0096D448 /* CPTMutableShadow.h */,
				B078129E193CDEDA0096D448 /* CPTMutableTextStyle.h */,
				B078129F193CDEDA0096D448 /* CPTNumericData+TypeConversion.h */,
				B07812A0193CDEDA0096D448 /* CPTNumericData.h */,
				B07812A1193CDEDA0096D448 /* CPTNumericDataType.h */,
				B07812A2193CDEDA0096D448 /* CPTPathExtensions.h */,
				B07812A3193CDEDA0096D448 /* CPTPieChart.h */,
				B07812A4193CDEDA0096D448 /* CPTPlatformSpecificCategories.h */,
				B07812A5193CDEDA0096D448 /* CPTPlatformSpecificDefines.h */,
				B07812A6193CDEDA0096D448 /* CPTPlatformSpecificFunctions.h */,
				B07812A7193CDEDA0096D448 /* CPTPlot.h */,
				B07812A8193CDEDA0096D448 /* CPTPlotArea.h */,
				B07812A9193CDEDA0096D448 /* CPTPlotAreaFrame.h */,
				B07812AA193CDEDA0096D448 /* CPTPlotGroup.h */,
				B07812AB193CDEDA0096D448 /* CPTPlotRange.h */,
				B07812AC193CDEDA0096D448 /* CPTPlotSpace.h */,
				B07812AD193CDEDA0096D448 /* CPTPlotSpaceAnnotation.h */,
				B07812AE193CDEDA0096D448 /* CPTPlotSymbol.h */,
				B07812AF193CDEDA0096D448 /* CPTRangePlot.h */,
				B07812B0193CDEDA0096D448 /* CPTResponder.h */,
				B07812B1193CDEDA0096D448 /* CPTScatterPlot.h */,
				B07812B2193CDEDA0096D448 /* CPTShadow.h */,
				B07812B3193CDEDA0096D448 /* CPTTestCase.h */,
				B07812B4193CDEDA0096D448 /* CPTTextLayer.h */,
				B07812B5193CDEDA0096D448 /* CPTTextStyle.h */,
				B07812B6193CDEDA0096D448 /* CPTTextStylePlatformSpecific.h */,
				B07812B7193CDEDA0096D448 /* CPTTheme.h */,
				B07812B8193CDEDA0096D448 /* CPTTimeFormatter.h */,
				B07812B9193CDEDA0096D448 /* CPTTradingRangePlot.h */,
				B07812BA193CDEDA0096D448 /* CPTUtilities.h */,
				B07812BB193CDEDA0096D448 /* CPTXYAxis.h */,
				B07812BC193CDEDA0096D448 /* CPTXYAxisSet.h */,
				B07812BD193CDEDA0096D448 /* CPTXYGraph.h */,
				B07812BE193CDEDA0096D448 /* CPTXYPlotSpace.h */,
				B07812BF193CDEDA0096D448 /* mainpage.h */,
				B07812C0193CDEDA0096D448 /* NSCoderExtensions.h */,
				B07812C1193CDEDA0096D448 /* NSDecimalNumberExtensions.h */,
				B07812C2193CDEDA0096D448 /* NSNumberExtensions.h */,
			);
			path = CorePlotHeaders;
			sourceTree = "<group>";
		};
		B0F8C9FD193BCCAE003B6189 = {
			isa = PBXGroup;
			children = (
				4E1963AC193D238600E3F9F3 /* DiabetesDataPuller */,
				B0F8CA0F193BCCAE003B6189 /* DBMonitor */,
				B0F8CA2E193BCCAF003B6189 /* DBMonitorTests */,
				B0F8CA08193BCCAE003B6189 /* Frameworks */,
				B0F8CA07193BCCAE003B6189 /* Products */,
			);
			sourceTree = "<group>";
		};
		B0F8CA07193BCCAE003B6189 /* Products */ = {
			isa = PBXGroup;
			children = (
				B0F8CA06193BCCAE003B6189 /* DBMonitor.app */,
				B0F8CA27193BCCAF003B6189 /* DBMonitorTests.xctest */,
			);
			name = Products;
			sourceTree = "<group>";
		};
		B0F8CA08193BCCAE003B6189 /* Frameworks */ = {
			isa = PBXGroup;
			children = (
				B0623E46193BDE9E00E69D92 /* QuartzCore.framework */,
				B0F8CA09193BCCAE003B6189 /* Foundation.framework */,
				B0F8CA0B193BCCAE003B6189 /* CoreGraphics.framework */,
				B0F8CA0D193BCCAE003B6189 /* UIKit.framework */,
				B0F8CA28193BCCAF003B6189 /* XCTest.framework */,
			);
			name = Frameworks;
			sourceTree = "<group>";
		};
		B0F8CA0F193BCCAE003B6189 /* DBMonitor */ = {
			isa = PBXGroup;
			children = (
				B0781274193CDEDA0096D448 /* CorePlotHeaders */,
				B0F8CA18193BCCAE003B6189 /* DBMAppDelegate.h */,
				B0F8CA19193BCCAE003B6189 /* DBMAppDelegate.m */,
				B0F8CA1B193BCCAF003B6189 /* Main.storyboard */,
				A3B01584193D15E800F2A1AB /* HistoryViewController.h */,
				A3B01585193D15E800F2A1AB /* HistoryViewController.m */,
				B0F8CA1E193BCCAF003B6189 /* DBMGraphViewController.h */,
				B0F8CA1F193BCCAF003B6189 /* DBMGraphViewController.m */,
				B0F8CA21193BCCAF003B6189 /* Images.xcassets */,
				B0F8CA10193BCCAE003B6189 /* Supporting Files */,
			);
			path = DBMonitor;
			sourceTree = "<group>";
		};
		B0F8CA10193BCCAE003B6189 /* Supporting Files */ = {
			isa = PBXGroup;
			children = (
				B0CF15B5193E1C6F0089F9B9 /* Lowerlimit.png */,
				B0CF15B6193E1C6F0089F9B9 /* Upperlimit.png */,
				B0781272193CDE800096D448 /* libCorePlot-CocoaTouch.a */,
				B0F8CA11193BCCAE003B6189 /* DBMonitor-Info.plist */,
				B0F8CA12193BCCAE003B6189 /* InfoPlist.strings */,
				B0F8CA15193BCCAE003B6189 /* main.m */,
				B0F8CA17193BCCAE003B6189 /* DBMonitor-Prefix.pch */,
			);
			name = "Supporting Files";
			sourceTree = "<group>";
		};
		B0F8CA2E193BCCAF003B6189 /* DBMonitorTests */ = {
			isa = PBXGroup;
			children = (
				B0F8CA34193BCCAF003B6189 /* DBMonitorTests.m */,
				B0F8CA2F193BCCAF003B6189 /* Supporting Files */,
			);
			path = DBMonitorTests;
			sourceTree = "<group>";
		};
		B0F8CA2F193BCCAF003B6189 /* Supporting Files */ = {
			isa = PBXGroup;
			children = (
				B0F8CA30193BCCAF003B6189 /* DBMonitorTests-Info.plist */,
				B0F8CA31193BCCAF003B6189 /* InfoPlist.strings */,
			);
			name = "Supporting Files";
			sourceTree = "<group>";
		};
/* End PBXGroup section */

/* Begin PBXNativeTarget section */
		B0F8CA05193BCCAE003B6189 /* DBMonitor */ = {
			isa = PBXNativeTarget;
			buildConfigurationList = B0F8CA38193BCCAF003B6189 /* Build configuration list for PBXNativeTarget "DBMonitor" */;
			buildPhases = (
				B0F8CA02193BCCAE003B6189 /* Sources */,
				B0F8CA03193BCCAE003B6189 /* Frameworks */,
				B0F8CA04193BCCAE003B6189 /* Resources */,
			);
			buildRules = (
			);
			dependencies = (
			);
			name = DBMonitor;
			productName = DBMonitor;
			productReference = B0F8CA06193BCCAE003B6189 /* DBMonitor.app */;
			productType = "com.apple.product-type.application";
		};
		B0F8CA26193BCCAF003B6189 /* DBMonitorTests */ = {
			isa = PBXNativeTarget;
			buildConfigurationList = B0F8CA3B193BCCAF003B6189 /* Build configuration list for PBXNativeTarget "DBMonitorTests" */;
			buildPhases = (
				B0F8CA23193BCCAF003B6189 /* Sources */,
				B0F8CA24193BCCAF003B6189 /* Frameworks */,
				B0F8CA25193BCCAF003B6189 /* Resources */,
			);
			buildRules = (
			);
			dependencies = (
				B0F8CA2D193BCCAF003B6189 /* PBXTargetDependency */,
			);
			name = DBMonitorTests;
			productName = DBMonitorTests;
			productReference = B0F8CA27193BCCAF003B6189 /* DBMonitorTests.xctest */;
			productType = "com.apple.product-type.bundle.unit-test";
		};
/* End PBXNativeTarget section */

/* Begin PBXProject section */
		B0F8C9FE193BCCAE003B6189 /* Project object */ = {
			isa = PBXProject;
			attributes = {
				CLASSPREFIX = DBM;
				LastUpgradeCheck = 0510;
				ORGANIZATIONNAME = "Wayne Hoy";
				TargetAttributes = {
					B0F8CA05193BCCAE003B6189 = {
						DevelopmentTeam = URZ4G84JVH;
					};
					B0F8CA26193BCCAF003B6189 = {
						TestTargetID = B0F8CA05193BCCAE003B6189;
					};
				};
			};
			buildConfigurationList = B0F8CA01193BCCAE003B6189 /* Build configuration list for PBXProject "DBMonitor" */;
			compatibilityVersion = "Xcode 3.2";
			developmentRegion = English;
			hasScannedForEncodings = 0;
			knownRegions = (
				en,
				Base,
			);
			mainGroup = B0F8C9FD193BCCAE003B6189;
			productRefGroup = B0F8CA07193BCCAE003B6189 /* Products */;
			projectDirPath = "";
			projectRoot = "";
			targets = (
				B0F8CA05193BCCAE003B6189 /* DBMonitor */,
				B0F8CA26193BCCAF003B6189 /* DBMonitorTests */,
			);
		};
/* End PBXProject section */

/* Begin PBXResourcesBuildPhase section */
		B0F8CA04193BCCAE003B6189 /* Resources */ = {
			isa = PBXResourcesBuildPhase;
			buildActionMask = 2147483647;
			files = (
				B0F8CA22193BCCAF003B6189 /* Images.xcassets in Resources */,
				B0CF15B7193E1C6F0089F9B9 /* Lowerlimit.png in Resources */,
				B0F8CA14193BCCAE003B6189 /* InfoPlist.strings in Resources */,
				B0F8CA1D193BCCAF003B6189 /* Main.storyboard in Resources */,
				B0CF15B8193E1C6F0089F9B9 /* Upperlimit.png in Resources */,
			);
			runOnlyForDeploymentPostprocessing = 0;
		};
		B0F8CA25193BCCAF003B6189 /* Resources */ = {
			isa = PBXResourcesBuildPhase;
			buildActionMask = 2147483647;
			files = (
				B0F8CA33193BCCAF003B6189 /* InfoPlist.strings in Resources */,
			);
			runOnlyForDeploymentPostprocessing = 0;
		};
/* End PBXResourcesBuildPhase section */

/* Begin PBXSourcesBuildPhase section */
		B0F8CA02193BCCAE003B6189 /* Sources */ = {
			isa = PBXSourcesBuildPhase;
			buildActionMask = 2147483647;
			files = (
				4E1963BB193D238600E3F9F3 /* DiabetesDataPuller.m in Sources */,
				B0CF15BB193E1F860089F9B9 /* GlucosePrediction.m in Sources */,
				4E1963BC193D238600E3F9F3 /* GlucoseLevel.m in Sources */,
				B0F8CA1A193BCCAE003B6189 /* DBMAppDelegate.m in Sources */,
				4E1963BA193D238600E3F9F3 /* Alert.m in Sources */,
				B0F8CA16193BCCAE003B6189 /* main.m in Sources */,
				B0F8CA20193BCCAF003B6189 /* DBMGraphViewController.m in Sources */,
				A3B01586193D15E800F2A1AB /* HistoryViewController.m in Sources */,
			);
			runOnlyForDeploymentPostprocessing = 0;
		};
		B0F8CA23193BCCAF003B6189 /* Sources */ = {
			isa = PBXSourcesBuildPhase;
			buildActionMask = 2147483647;
			files = (
				B0F8CA35193BCCAF003B6189 /* DBMonitorTests.m in Sources */,
			);
			runOnlyForDeploymentPostprocessing = 0;
		};
/* End PBXSourcesBuildPhase section */

/* Begin PBXTargetDependency section */
		B0F8CA2D193BCCAF003B6189 /* PBXTargetDependency */ = {
			isa = PBXTargetDependency;
			target = B0F8CA05193BCCAE003B6189 /* DBMonitor */;
			targetProxy = B0F8CA2C193BCCAF003B6189 /* PBXContainerItemProxy */;
		};
/* End PBXTargetDependency section */

/* Begin PBXVariantGroup section */
		B0F8CA12193BCCAE003B6189 /* InfoPlist.strings */ = {
			isa = PBXVariantGroup;
			children = (
				B0F8CA13193BCCAE003B6189 /* en */,
			);
			name = InfoPlist.strings;
			sourceTree = "<group>";
		};
		B0F8CA1B193BCCAF003B6189 /* Main.storyboard */ = {
			isa = PBXVariantGroup;
			children = (
				B0F8CA1C193BCCAF003B6189 /* Base */,
			);
			name = Main.storyboard;
			sourceTree = "<group>";
		};
		B0F8CA31193BCCAF003B6189 /* InfoPlist.strings */ = {
			isa = PBXVariantGroup;
			children = (
				B0F8CA32193BCCAF003B6189 /* en */,
			);
			name = InfoPlist.strings;
			sourceTree = "<group>";
		};
/* End PBXVariantGroup section */

/* Begin XCBuildConfiguration section */
		B0F8CA36193BCCAF003B6189 /* Debug */ = {
			isa = XCBuildConfiguration;
			buildSettings = {
				ALWAYS_SEARCH_USER_PATHS = NO;
				CLANG_CXX_LANGUAGE_STANDARD = "gnu++0x";
				CLANG_CXX_LIBRARY = "libc++";
				CLANG_ENABLE_MODULES = YES;
				CLANG_ENABLE_OBJC_ARC = YES;
				CLANG_WARN_BOOL_CONVERSION = YES;
				CLANG_WARN_CONSTANT_CONVERSION = YES;
				CLANG_WARN_DIRECT_OBJC_ISA_USAGE = YES_ERROR;
				CLANG_WARN_EMPTY_BODY = YES;
				CLANG_WARN_ENUM_CONVERSION = YES;
				CLANG_WARN_INT_CONVERSION = YES;
				CLANG_WARN_OBJC_ROOT_CLASS = YES_ERROR;
				CLANG_WARN__DUPLICATE_METHOD_MATCH = YES;
				"CODE_SIGN_IDENTITY[sdk=iphoneos*]" = "iPhone Developer";
				COPY_PHASE_STRIP = NO;
				GCC_C_LANGUAGE_STANDARD = gnu99;
				GCC_DYNAMIC_NO_PIC = NO;
				GCC_OPTIMIZATION_LEVEL = 0;
				GCC_PREPROCESSOR_DEFINITIONS = (
					"DEBUG=1",
					"$(inherited)",
				);
				GCC_SYMBOLS_PRIVATE_EXTERN = NO;
				GCC_WARN_64_TO_32_BIT_CONVERSION = YES;
				GCC_WARN_ABOUT_RETURN_TYPE = YES_ERROR;
				GCC_WARN_UNDECLARED_SELECTOR = YES;
				GCC_WARN_UNINITIALIZED_AUTOS = YES_AGGRESSIVE;
				GCC_WARN_UNUSED_FUNCTION = YES;
				GCC_WARN_UNUSED_VARIABLE = YES;
				IPHONEOS_DEPLOYMENT_TARGET = 7.1;
				ONLY_ACTIVE_ARCH = YES;
				SDKROOT = iphoneos;
			};
			name = Debug;
		};
		B0F8CA37193BCCAF003B6189 /* Release */ = {
			isa = XCBuildConfiguration;
			buildSettings = {
				ALWAYS_SEARCH_USER_PATHS = NO;
				CLANG_CXX_LANGUAGE_STANDARD = "gnu++0x";
				CLANG_CXX_LIBRARY = "libc++";
				CLANG_ENABLE_MODULES = YES;
				CLANG_ENABLE_OBJC_ARC = YES;
				CLANG_WARN_BOOL_CONVERSION = YES;
				CLANG_WARN_CONSTANT_CONVERSION = YES;
				CLANG_WARN_DIRECT_OBJC_ISA_USAGE = YES_ERROR;
				CLANG_WARN_EMPTY_BODY = YES;
				CLANG_WARN_ENUM_CONVERSION = YES;
				CLANG_WARN_INT_CONVERSION = YES;
				CLANG_WARN_OBJC_ROOT_CLASS = YES_ERROR;
				CLANG_WARN__DUPLICATE_METHOD_MATCH = YES;
				"CODE_SIGN_IDENTITY[sdk=iphoneos*]" = "iPhone Developer";
				COPY_PHASE_STRIP = YES;
				ENABLE_NS_ASSERTIONS = NO;
				GCC_C_LANGUAGE_STANDARD = gnu99;
				GCC_WARN_64_TO_32_BIT_CONVERSION = YES;
				GCC_WARN_ABOUT_RETURN_TYPE = YES_ERROR;
				GCC_WARN_UNDECLARED_SELECTOR = YES;
				GCC_WARN_UNINITIALIZED_AUTOS = YES_AGGRESSIVE;
				GCC_WARN_UNUSED_FUNCTION = YES;
				GCC_WARN_UNUSED_VARIABLE = YES;
				IPHONEOS_DEPLOYMENT_TARGET = 7.1;
				SDKROOT = iphoneos;
				VALIDATE_PRODUCT = YES;
			};
			name = Release;
		};
		B0F8CA39193BCCAF003B6189 /* Debug */ = {
			isa = XCBuildConfiguration;
			buildSettings = {
				ASSETCATALOG_COMPILER_APPICON_NAME = AppIcon;
				ASSETCATALOG_COMPILER_LAUNCHIMAGE_NAME = LaunchImage;
				CODE_SIGN_IDENTITY = "iPhone Developer";
				GCC_PRECOMPILE_PREFIX_HEADER = YES;
				GCC_PREFIX_HEADER = "DBMonitor/DBMonitor-Prefix.pch";
				GCC_VERSION = "";
				HEADER_SEARCH_PATHS = (
					"$(inherited)",
					/Applications/Xcode.app/Contents/Developer/Toolchains/XcodeDefault.xctoolchain/usr/include,
				);
				INFOPLIST_FILE = "DBMonitor/DBMonitor-Info.plist";
				LIBRARY_SEARCH_PATHS = (
					"$(inherited)",
					"$(PROJECT_DIR)/DBMonitor",
				);
				"OTHER_LDFLAGS[arch=*]" = "-ObjC";
				PRODUCT_NAME = "$(TARGET_NAME)";
				PROVISIONING_PROFILE = "C3870378-CAFE-4AB9-9482-34BA3AA6C135";
				TARGETED_DEVICE_FAMILY = 1;
				WRAPPER_EXTENSION = app;
			};
			name = Debug;
		};
		B0F8CA3A193BCCAF003B6189 /* Release */ = {
			isa = XCBuildConfiguration;
			buildSettings = {
				ASSETCATALOG_COMPILER_APPICON_NAME = AppIcon;
				ASSETCATALOG_COMPILER_LAUNCHIMAGE_NAME = LaunchImage;
				CODE_SIGN_IDENTITY = "iPhone Distribution: SomoTrack Software Inc (URZ4G84JVH)";
				GCC_PRECOMPILE_PREFIX_HEADER = YES;
				GCC_PREFIX_HEADER = "DBMonitor/DBMonitor-Prefix.pch";
				GCC_VERSION = "";
				HEADER_SEARCH_PATHS = (
					"$(inherited)",
					/Applications/Xcode.app/Contents/Developer/Toolchains/XcodeDefault.xctoolchain/usr/include,
				);
				INFOPLIST_FILE = "DBMonitor/DBMonitor-Info.plist";
				LIBRARY_SEARCH_PATHS = (
					"$(inherited)",
					"$(PROJECT_DIR)/DBMonitor",
				);
				"OTHER_LDFLAGS[arch=*]" = "-ObjC";
				PRODUCT_NAME = "$(TARGET_NAME)";
				PROVISIONING_PROFILE = "C3870378-CAFE-4AB9-9482-34BA3AA6C135";
				TARGETED_DEVICE_FAMILY = 1;
				VALID_ARCHS = "armv7 armv7s";
				"VALID_ARCHS[sdk=*]" = "arm64 armv7 armv7s";
				WRAPPER_EXTENSION = app;
			};
			name = Release;
		};
		B0F8CA3C193BCCAF003B6189 /* Debug */ = {
			isa = XCBuildConfiguration;
			buildSettings = {
				BUNDLE_LOADER = "$(BUILT_PRODUCTS_DIR)/DBMonitor.app/DBMonitor";
				FRAMEWORK_SEARCH_PATHS = (
					"$(SDKROOT)/Developer/Library/Frameworks",
					"$(inherited)",
					"$(DEVELOPER_FRAMEWORKS_DIR)",
				);
				GCC_PRECOMPILE_PREFIX_HEADER = YES;
				GCC_PREFIX_HEADER = "DBMonitor/DBMonitor-Prefix.pch";
				GCC_PREPROCESSOR_DEFINITIONS = (
					"DEBUG=1",
					"$(inherited)",
				);
				INFOPLIST_FILE = "DBMonitorTests/DBMonitorTests-Info.plist";
				PRODUCT_NAME = "$(TARGET_NAME)";
				TEST_HOST = "$(BUNDLE_LOADER)";
				WRAPPER_EXTENSION = xctest;
			};
			name = Debug;
		};
		B0F8CA3D193BCCAF003B6189 /* Release */ = {
			isa = XCBuildConfiguration;
			buildSettings = {
				BUNDLE_LOADER = "$(BUILT_PRODUCTS_DIR)/DBMonitor.app/DBMonitor";
				FRAMEWORK_SEARCH_PATHS = (
					"$(SDKROOT)/Developer/Library/Frameworks",
					"$(inherited)",
					"$(DEVELOPER_FRAMEWORKS_DIR)",
				);
				GCC_PRECOMPILE_PREFIX_HEADER = YES;
				GCC_PREFIX_HEADER = "DBMonitor/DBMonitor-Prefix.pch";
				INFOPLIST_FILE = "DBMonitorTests/DBMonitorTests-Info.plist";
				PRODUCT_NAME = "$(TARGET_NAME)";
				TEST_HOST = "$(BUNDLE_LOADER)";
				WRAPPER_EXTENSION = xctest;
			};
			name = Release;
		};
/* End XCBuildConfiguration section */

/* Begin XCConfigurationList section */
		B0F8CA01193BCCAE003B6189 /* Build configuration list for PBXProject "DBMonitor" */ = {
			isa = XCConfigurationList;
			buildConfigurations = (
				B0F8CA36193BCCAF003B6189 /* Debug */,
				B0F8CA37193BCCAF003B6189 /* Release */,
			);
			defaultConfigurationIsVisible = 0;
			defaultConfigurationName = Release;
		};
		B0F8CA38193BCCAF003B6189 /* Build configuration list for PBXNativeTarget "DBMonitor" */ = {
			isa = XCConfigurationList;
			buildConfigurations = (
				B0F8CA39193BCCAF003B6189 /* Debug */,
				B0F8CA3A193BCCAF003B6189 /* Release */,
			);
			defaultConfigurationIsVisible = 0;
			defaultConfigurationName = Release;
		};
		B0F8CA3B193BCCAF003B6189 /* Build configuration list for PBXNativeTarget "DBMonitorTests" */ = {
			isa = XCConfigurationList;
			buildConfigurations = (
				B0F8CA3C193BCCAF003B6189 /* Debug */,
				B0F8CA3D193BCCAF003B6189 /* Release */,
			);
			defaultConfigurationIsVisible = 0;
			defaultConfigurationName = Release;
		};
/* End XCConfigurationList section */
	};
	rootObject = B0F8C9FE193BCCAE003B6189 /* Project object */;
}
